
Microsoft Visual Studio Solution File, Format Version 12.00
# Visual Studio Version 16
VisualStudioVersion = 16.0.31424.327
MinimumVisualStudioVersion = 10.0.40219.1
Project("{FAE04EC0-301F-11D3-BF4B-00C04F79EFBC}") = "WordPad", "WordPad\WordPad.csproj", "{27BABC89-B067-4332-9378-719CDB942F10}"
EndProject
Global
	GlobalSection(SolutionConfigurationPlatforms) = preSolution
		Debug|Any CPU = Debug|Any CPU
		Release|Any CPU = Release|Any CPU
	EndGlobalSection
	GlobalSection(ProjectConfigurationPlatforms) = postSolution
		{27BABC89-B067-4332-9378-719CDB942F10}.Debug|Any CPU.ActiveCfg = Debug|Any CPU
		{27BABC89-B067-4332-9378-719CDB942F10}.Debug|Any CPU.Build.0 = Debug|Any CPU
		{27BABC89-B067-4332-9378-719CDB942F10}.Release|Any CPU.ActiveCfg = Release|Any CPU
		{27BABC89-B067-4332-9378-719CDB942F10}.Release|Any CPU.Build.0 = Release|Any CPU
	EndGlobalSection
	GlobalSection(SolutionProperties) = preSolution
		HideSolutionNode = FALSE
	EndGlobalSection
	GlobalSection(ExtensibilityGlobals) = postSolution
		SolutionGuid = {6B42F044-E9F0-41E1-957B-6CFBDF51ABF2}
	EndGlobalSection
EndGlobal
